// !$*UTF8*$!
{
	archiveVersion = 1;
	classes = {
	};
	objectVersion = 56;
	objects = {

/* Begin PBXBuildFile section */
		2E4ACE682C57E06D00EFA264 /* Solution2Interactor.swift in Sources */ = {isa = PBXBuildFile; fileRef = 2E4ACE642C57E06D00EFA264 /* Solution2Interactor.swift */; };
		2E4ACE692C57E06D00EFA264 /* Solution2Factory.swift in Sources */ = {isa = PBXBuildFile; fileRef = 2E4ACE652C57E06D00EFA264 /* Solution2Factory.swift */; };
		2E4ACE6A2C57E06D00EFA264 /* Solution2View.swift in Sources */ = {isa = PBXBuildFile; fileRef = 2E4ACE662C57E06D00EFA264 /* Solution2View.swift */; };
		2E4ACE6B2C57E06D00EFA264 /* Solution2Presenter.swift in Sources */ = {isa = PBXBuildFile; fileRef = 2E4ACE672C57E06D00EFA264 /* Solution2Presenter.swift */; };
		2E4ACE702C57E07300EFA264 /* Solution3Presenter.swift in Sources */ = {isa = PBXBuildFile; fileRef = 2E4ACE6C2C57E07200EFA264 /* Solution3Presenter.swift */; };
		2E4ACE712C57E07300EFA264 /* Solution3View.swift in Sources */ = {isa = PBXBuildFile; fileRef = 2E4ACE6D2C57E07200EFA264 /* Solution3View.swift */; };
		2E4ACE722C57E07300EFA264 /* Solution3Factory.swift in Sources */ = {isa = PBXBuildFile; fileRef = 2E4ACE6E2C57E07200EFA264 /* Solution3Factory.swift */; };
		2E4ACE732C57E07300EFA264 /* Solution3Interactor.swift in Sources */ = {isa = PBXBuildFile; fileRef = 2E4ACE6F2C57E07300EFA264 /* Solution3Interactor.swift */; };
		2E4ACE752C57E7FE00EFA264 /* ReadMeSolution1 in Resources */ = {isa = PBXBuildFile; fileRef = 2E4ACE742C57E7FE00EFA264 /* ReadMeSolution1 */; };
		2E4ACE772C58D5D600EFA264 /* ReadMeSolution2 in Resources */ = {isa = PBXBuildFile; fileRef = 2E4ACE762C58D5D600EFA264 /* ReadMeSolution2 */; };
		2E4ACE792C58D5DB00EFA264 /* ReadMeSolution3 in Resources */ = {isa = PBXBuildFile; fileRef = 2E4ACE782C58D5DB00EFA264 /* ReadMeSolution3 */; };
		2E4ACE802C58DD7400EFA264 /* ReadMeSolution4 in Resources */ = {isa = PBXBuildFile; fileRef = 2E4ACE7A2C58DD7400EFA264 /* ReadMeSolution4 */; };
		2E4ACE812C58DD7400EFA264 /* Solution4Factory.swift in Sources */ = {isa = PBXBuildFile; fileRef = 2E4ACE7B2C58DD7400EFA264 /* Solution4Factory.swift */; };
		2E4ACE822C58DD7400EFA264 /* Solution4Interactor.swift in Sources */ = {isa = PBXBuildFile; fileRef = 2E4ACE7C2C58DD7400EFA264 /* Solution4Interactor.swift */; };
		2E4ACE832C58DD7400EFA264 /* Solution4Presenter.swift in Sources */ = {isa = PBXBuildFile; fileRef = 2E4ACE7D2C58DD7400EFA264 /* Solution4Presenter.swift */; };
		2E4ACE842C58DD7400EFA264 /* Solution4View.swift in Sources */ = {isa = PBXBuildFile; fileRef = 2E4ACE7E2C58DD7400EFA264 /* Solution4View.swift */; };
		2EBAB0232BEA9DA700F2CFD8 /* TestActorsApp.swift in Sources */ = {isa = PBXBuildFile; fileRef = 2EBAB0222BEA9DA700F2CFD8 /* TestActorsApp.swift */; };
		2EBAB0252BEA9DA700F2CFD8 /* Solution1View.swift in Sources */ = {isa = PBXBuildFile; fileRef = 2EBAB0242BEA9DA700F2CFD8 /* Solution1View.swift */; };
		2EBAB0272BEA9DA800F2CFD8 /* Assets.xcassets in Resources */ = {isa = PBXBuildFile; fileRef = 2EBAB0262BEA9DA800F2CFD8 /* Assets.xcassets */; };
		2EBAB02A2BEA9DA800F2CFD8 /* Preview Assets.xcassets in Resources */ = {isa = PBXBuildFile; fileRef = 2EBAB0292BEA9DA800F2CFD8 /* Preview Assets.xcassets */; };
		2EBAB0312BEA9DB700F2CFD8 /* Solution1Interactor.swift in Sources */ = {isa = PBXBuildFile; fileRef = 2EBAB0302BEA9DB700F2CFD8 /* Solution1Interactor.swift */; };
		2EBAB0332BEA9DBF00F2CFD8 /* Solution1Presenter.swift in Sources */ = {isa = PBXBuildFile; fileRef = 2EBAB0322BEA9DBF00F2CFD8 /* Solution1Presenter.swift */; };
		2EBAB0352BEA9E1E00F2CFD8 /* Worker.swift in Sources */ = {isa = PBXBuildFile; fileRef = 2EBAB0342BEA9E1E00F2CFD8 /* Worker.swift */; };
		2EBAB0372BEAA12200F2CFD8 /* Solution1Factory.swift in Sources */ = {isa = PBXBuildFile; fileRef = 2EBAB0362BEAA12200F2CFD8 /* Solution1Factory.swift */; };
/* End PBXBuildFile section */

/* Begin PBXFileReference section */
		2E4ACE642C57E06D00EFA264 /* Solution2Interactor.swift */ = {isa = PBXFileReference; fileEncoding = 4; lastKnownFileType = sourcecode.swift; path = Solution2Interactor.swift; sourceTree = "<group>"; };
		2E4ACE652C57E06D00EFA264 /* Solution2Factory.swift */ = {isa = PBXFileReference; fileEncoding = 4; lastKnownFileType = sourcecode.swift; path = Solution2Factory.swift; sourceTree = "<group>"; };
		2E4ACE662C57E06D00EFA264 /* Solution2View.swift */ = {isa = PBXFileReference; fileEncoding = 4; lastKnownFileType = sourcecode.swift; path = Solution2View.swift; sourceTree = "<group>"; };
		2E4ACE672C57E06D00EFA264 /* Solution2Presenter.swift */ = {isa = PBXFileReference; fileEncoding = 4; lastKnownFileType = sourcecode.swift; path = Solution2Presenter.swift; sourceTree = "<group>"; };
		2E4ACE6C2C57E07200EFA264 /* Solution3Presenter.swift */ = {isa = PBXFileReference; fileEncoding = 4; lastKnownFileType = sourcecode.swift; path = Solution3Presenter.swift; sourceTree = "<group>"; };
		2E4ACE6D2C57E07200EFA264 /* Solution3View.swift */ = {isa = PBXFileReference; fileEncoding = 4; lastKnownFileType = sourcecode.swift; path = Solution3View.swift; sourceTree = "<group>"; };
		2E4ACE6E2C57E07200EFA264 /* Solution3Factory.swift */ = {isa = PBXFileReference; fileEncoding = 4; lastKnownFileType = sourcecode.swift; path = Solution3Factory.swift; sourceTree = "<group>"; };
		2E4ACE6F2C57E07300EFA264 /* Solution3Interactor.swift */ = {isa = PBXFileReference; fileEncoding = 4; lastKnownFileType = sourcecode.swift; path = Solution3Interactor.swift; sourceTree = "<group>"; };
		2E4ACE742C57E7FE00EFA264 /* ReadMeSolution1 */ = {isa = PBXFileReference; lastKnownFileType = text; path = ReadMeSolution1; sourceTree = "<group>"; };
		2E4ACE762C58D5D600EFA264 /* ReadMeSolution2 */ = {isa = PBXFileReference; fileEncoding = 4; lastKnownFileType = text; path = ReadMeSolution2; sourceTree = "<group>"; };
		2E4ACE782C58D5DB00EFA264 /* ReadMeSolution3 */ = {isa = PBXFileReference; fileEncoding = 4; lastKnownFileType = text; path = ReadMeSolution3; sourceTree = "<group>"; };
		2E4ACE7A2C58DD7400EFA264 /* ReadMeSolution4 */ = {isa = PBXFileReference; fileEncoding = 4; lastKnownFileType = text; path = ReadMeSolution4; sourceTree = "<group>"; };
		2E4ACE7B2C58DD7400EFA264 /* Solution4Factory.swift */ = {isa = PBXFileReference; fileEncoding = 4; lastKnownFileType = sourcecode.swift; path = Solution4Factory.swift; sourceTree = "<group>"; };
		2E4ACE7C2C58DD7400EFA264 /* Solution4Interactor.swift */ = {isa = PBXFileReference; fileEncoding = 4; lastKnownFileType = sourcecode.swift; path = Solution4Interactor.swift; sourceTree = "<group>"; };
		2E4ACE7D2C58DD7400EFA264 /* Solution4Presenter.swift */ = {isa = PBXFileReference; fileEncoding = 4; lastKnownFileType = sourcecode.swift; path = Solution4Presenter.swift; sourceTree = "<group>"; };
		2E4ACE7E2C58DD7400EFA264 /* Solution4View.swift */ = {isa = PBXFileReference; fileEncoding = 4; lastKnownFileType = sourcecode.swift; path = Solution4View.swift; sourceTree = "<group>"; };
		2EBAB01F2BEA9DA700F2CFD8 /* TestActors.app */ = {isa = PBXFileReference; explicitFileType = wrapper.application; includeInIndex = 0; path = TestActors.app; sourceTree = BUILT_PRODUCTS_DIR; };
		2EBAB0222BEA9DA700F2CFD8 /* TestActorsApp.swift */ = {isa = PBXFileReference; lastKnownFileType = sourcecode.swift; path = TestActorsApp.swift; sourceTree = "<group>"; };
		2EBAB0242BEA9DA700F2CFD8 /* Solution1View.swift */ = {isa = PBXFileReference; lastKnownFileType = sourcecode.swift; path = Solution1View.swift; sourceTree = "<group>"; };
		2EBAB0262BEA9DA800F2CFD8 /* Assets.xcassets */ = {isa = PBXFileReference; lastKnownFileType = folder.assetcatalog; path = Assets.xcassets; sourceTree = "<group>"; };
		2EBAB0292BEA9DA800F2CFD8 /* Preview Assets.xcassets */ = {isa = PBXFileReference; lastKnownFileType = folder.assetcatalog; path = "Preview Assets.xcassets"; sourceTree = "<group>"; };
		2EBAB0302BEA9DB700F2CFD8 /* Solution1Interactor.swift */ = {isa = PBXFileReference; lastKnownFileType = sourcecode.swift; path = Solution1Interactor.swift; sourceTree = "<group>"; };
		2EBAB0322BEA9DBF00F2CFD8 /* Solution1Presenter.swift */ = {isa = PBXFileReference; lastKnownFileType = sourcecode.swift; path = Solution1Presenter.swift; sourceTree = "<group>"; };
		2EBAB0342BEA9E1E00F2CFD8 /* Worker.swift */ = {isa = PBXFileReference; lastKnownFileType = sourcecode.swift; path = Worker.swift; sourceTree = "<group>"; };
		2EBAB0362BEAA12200F2CFD8 /* Solution1Factory.swift */ = {isa = PBXFileReference; lastKnownFileType = sourcecode.swift; path = Solution1Factory.swift; sourceTree = "<group>"; };
/* End PBXFileReference section */

/* Begin PBXFrameworksBuildPhase section */
		2EBAB01C2BEA9DA700F2CFD8 /* Frameworks */ = {
			isa = PBXFrameworksBuildPhase;
			buildActionMask = 2147483647;
			files = (
			);
			runOnlyForDeploymentPostprocessing = 0;
		};
/* End PBXFrameworksBuildPhase section */

/* Begin PBXGroup section */
		2E4ACE512C57DD8600EFA264 /* Solution1 */ = {
			isa = PBXGroup;
			children = (
				2E4ACE742C57E7FE00EFA264 /* ReadMeSolution1 */,
				2EBAB0362BEAA12200F2CFD8 /* Solution1Factory.swift */,
				2EBAB0302BEA9DB700F2CFD8 /* Solution1Interactor.swift */,
				2EBAB0322BEA9DBF00F2CFD8 /* Solution1Presenter.swift */,
				2EBAB0242BEA9DA700F2CFD8 /* Solution1View.swift */,
			);
			path = Solution1;
			sourceTree = "<group>";
		};
		2E4ACE522C57DD8C00EFA264 /* Solution2 */ = {
			isa = PBXGroup;
			children = (
				2E4ACE762C58D5D600EFA264 /* ReadMeSolution2 */,
				2E4ACE652C57E06D00EFA264 /* Solution2Factory.swift */,
				2E4ACE642C57E06D00EFA264 /* Solution2Interactor.swift */,
				2E4ACE672C57E06D00EFA264 /* Solution2Presenter.swift */,
				2E4ACE662C57E06D00EFA264 /* Solution2View.swift */,
			);
			path = Solution2;
			sourceTree = "<group>";
		};
		2E4ACE532C57DD9500EFA264 /* Solution3 */ = {
			isa = PBXGroup;
			children = (
				2E4ACE782C58D5DB00EFA264 /* ReadMeSolution3 */,
				2E4ACE6E2C57E07200EFA264 /* Solution3Factory.swift */,
				2E4ACE6F2C57E07300EFA264 /* Solution3Interactor.swift */,
				2E4ACE6C2C57E07200EFA264 /* Solution3Presenter.swift */,
				2E4ACE6D2C57E07200EFA264 /* Solution3View.swift */,
			);
			path = Solution3;
			sourceTree = "<group>";
		};
		2E4ACE7F2C58DD7400EFA264 /* Solution4 */ = {
			isa = PBXGroup;
			children = (
				2E4ACE7A2C58DD7400EFA264 /* ReadMeSolution4 */,
				2E4ACE7B2C58DD7400EFA264 /* Solution4Factory.swift */,
				2E4ACE7C2C58DD7400EFA264 /* Solution4Interactor.swift */,
				2E4ACE7D2C58DD7400EFA264 /* Solution4Presenter.swift */,
				2E4ACE7E2C58DD7400EFA264 /* Solution4View.swift */,
			);
			path = Solution4;
			sourceTree = "<group>";
		};
		2EBAB0162BEA9DA700F2CFD8 = {
			isa = PBXGroup;
			children = (
				2EBAB0212BEA9DA700F2CFD8 /* TestActors */,
				2EBAB0202BEA9DA700F2CFD8 /* Products */,
			);
			sourceTree = "<group>";
		};
		2EBAB0202BEA9DA700F2CFD8 /* Products */ = {
			isa = PBXGroup;
			children = (
				2EBAB01F2BEA9DA700F2CFD8 /* TestActors.app */,
			);
			name = Products;
			sourceTree = "<group>";
		};
		2EBAB0212BEA9DA700F2CFD8 /* TestActors */ = {
			isa = PBXGroup;
			children = (
				2EBAB0222BEA9DA700F2CFD8 /* TestActorsApp.swift */,
				2E4ACE512C57DD8600EFA264 /* Solution1 */,
				2E4ACE522C57DD8C00EFA264 /* Solution2 */,
				2E4ACE532C57DD9500EFA264 /* Solution3 */,
				2E4ACE7F2C58DD7400EFA264 /* Solution4 */,
				2EBAB0342BEA9E1E00F2CFD8 /* Worker.swift */,
				2EBAB0262BEA9DA800F2CFD8 /* Assets.xcassets */,
				2EBAB0282BEA9DA800F2CFD8 /* Preview Content */,
			);
			path = TestActors;
			sourceTree = "<group>";
		};
		2EBAB0282BEA9DA800F2CFD8 /* Preview Content */ = {
			isa = PBXGroup;
			children = (
				2EBAB0292BEA9DA800F2CFD8 /* Preview Assets.xcassets */,
			);
			path = "Preview Content";
			sourceTree = "<group>";
		};
/* End PBXGroup section */

/* Begin PBXNativeTarget section */
		2EBAB01E2BEA9DA700F2CFD8 /* TestActors */ = {
			isa = PBXNativeTarget;
			buildConfigurationList = 2EBAB02D2BEA9DA800F2CFD8 /* Build configuration list for PBXNativeTarget "TestActors" */;
			buildPhases = (
				2EBAB01B2BEA9DA700F2CFD8 /* Sources */,
				2EBAB01C2BEA9DA700F2CFD8 /* Frameworks */,
				2EBAB01D2BEA9DA700F2CFD8 /* Resources */,
			);
			buildRules = (
			);
			dependencies = (
			);
			name = TestActors;
			productName = TestActors;
			productReference = 2EBAB01F2BEA9DA700F2CFD8 /* TestActors.app */;
			productType = "com.apple.product-type.application";
		};
/* End PBXNativeTarget section */

/* Begin PBXProject section */
		2EBAB0172BEA9DA700F2CFD8 /* Project object */ = {
			isa = PBXProject;
			attributes = {
				BuildIndependentTargetsInParallel = 1;
				LastSwiftUpdateCheck = 1500;
				LastUpgradeCheck = 1500;
				TargetAttributes = {
					2EBAB01E2BEA9DA700F2CFD8 = {
						CreatedOnToolsVersion = 15.0.1;
					};
				};
			};
			buildConfigurationList = 2EBAB01A2BEA9DA700F2CFD8 /* Build configuration list for PBXProject "TestActors" */;
			compatibilityVersion = "Xcode 14.0";
			developmentRegion = en;
			hasScannedForEncodings = 0;
			knownRegions = (
				en,
				Base,
			);
			mainGroup = 2EBAB0162BEA9DA700F2CFD8;
			productRefGroup = 2EBAB0202BEA9DA700F2CFD8 /* Products */;
			projectDirPath = "";
			projectRoot = "";
			targets = (
				2EBAB01E2BEA9DA700F2CFD8 /* TestActors */,
			);
		};
/* End PBXProject section */

/* Begin PBXResourcesBuildPhase section */
		2EBAB01D2BEA9DA700F2CFD8 /* Resources */ = {
			isa = PBXResourcesBuildPhase;
			buildActionMask = 2147483647;
			files = (
				2E4ACE792C58D5DB00EFA264 /* ReadMeSolution3 in Resources */,
				2E4ACE772C58D5D600EFA264 /* ReadMeSolution2 in Resources */,
				2EBAB02A2BEA9DA800F2CFD8 /* Preview Assets.xcassets in Resources */,
				2EBAB0272BEA9DA800F2CFD8 /* Assets.xcassets in Resources */,
				2E4ACE752C57E7FE00EFA264 /* ReadMeSolution1 in Resources */,
				2E4ACE802C58DD7400EFA264 /* ReadMeSolution4 in Resources */,
			);
			runOnlyForDeploymentPostprocessing = 0;
		};
/* End PBXResourcesBuildPhase section */

/* Begin PBXSourcesBuildPhase section */
		2EBAB01B2BEA9DA700F2CFD8 /* Sources */ = {
			isa = PBXSourcesBuildPhase;
			buildActionMask = 2147483647;
			files = (
				2EBAB0352BEA9E1E00F2CFD8 /* Worker.swift in Sources */,
				2E4ACE722C57E07300EFA264 /* Solution3Factory.swift in Sources */,
				2EBAB0312BEA9DB700F2CFD8 /* Solution1Interactor.swift in Sources */,
				2E4ACE832C58DD7400EFA264 /* Solution4Presenter.swift in Sources */,
				2EBAB0372BEAA12200F2CFD8 /* Solution1Factory.swift in Sources */,
				2EBAB0252BEA9DA700F2CFD8 /* Solution1View.swift in Sources */,
				2E4ACE732C57E07300EFA264 /* Solution3Interactor.swift in Sources */,
				2EBAB0332BEA9DBF00F2CFD8 /* Solution1Presenter.swift in Sources */,
				2E4ACE702C57E07300EFA264 /* Solution3Presenter.swift in Sources */,
				2E4ACE682C57E06D00EFA264 /* Solution2Interactor.swift in Sources */,
				2E4ACE712C57E07300EFA264 /* Solution3View.swift in Sources */,
				2E4ACE812C58DD7400EFA264 /* Solution4Factory.swift in Sources */,
				2EBAB0232BEA9DA700F2CFD8 /* TestActorsApp.swift in Sources */,
				2E4ACE842C58DD7400EFA264 /* Solution4View.swift in Sources */,
				2E4ACE6A2C57E06D00EFA264 /* Solution2View.swift in Sources */,
				2E4ACE692C57E06D00EFA264 /* Solution2Factory.swift in Sources */,
				2E4ACE6B2C57E06D00EFA264 /* Solution2Presenter.swift in Sources */,
				2E4ACE822C58DD7400EFA264 /* Solution4Interactor.swift in Sources */,
			);
			runOnlyForDeploymentPostprocessing = 0;
		};
/* End PBXSourcesBuildPhase section */

/* Begin XCBuildConfiguration section */
		2EBAB02B2BEA9DA800F2CFD8 /* Debug */ = {
			isa = XCBuildConfiguration;
			buildSettings = {
				ALWAYS_SEARCH_USER_PATHS = NO;
				ASSETCATALOG_COMPILER_GENERATE_SWIFT_ASSET_SYMBOL_EXTENSIONS = YES;
				CLANG_ANALYZER_NONNULL = YES;
				CLANG_ANALYZER_NUMBER_OBJECT_CONVERSION = YES_AGGRESSIVE;
				CLANG_CXX_LANGUAGE_STANDARD = "gnu++20";
				CLANG_ENABLE_MODULES = YES;
				CLANG_ENABLE_OBJC_ARC = YES;
				CLANG_ENABLE_OBJC_WEAK = YES;
				CLANG_WARN_BLOCK_CAPTURE_AUTORELEASING = YES;
				CLANG_WARN_BOOL_CONVERSION = YES;
				CLANG_WARN_COMMA = YES;
				CLANG_WARN_CONSTANT_CONVERSION = YES;
				CLANG_WARN_DEPRECATED_OBJC_IMPLEMENTATIONS = YES;
				CLANG_WARN_DIRECT_OBJC_ISA_USAGE = YES_ERROR;
				CLANG_WARN_DOCUMENTATION_COMMENTS = YES;
				CLANG_WARN_EMPTY_BODY = YES;
				CLANG_WARN_ENUM_CONVERSION = YES;
				CLANG_WARN_INFINITE_RECURSION = YES;
				CLANG_WARN_INT_CONVERSION = YES;
				CLANG_WARN_NON_LITERAL_NULL_CONVERSION = YES;
				CLANG_WARN_OBJC_IMPLICIT_RETAIN_SELF = YES;
				CLANG_WARN_OBJC_LITERAL_CONVERSION = YES;
				CLANG_WARN_OBJC_ROOT_CLASS = YES_ERROR;
				CLANG_WARN_QUOTED_INCLUDE_IN_FRAMEWORK_HEADER = YES;
				CLANG_WARN_RANGE_LOOP_ANALYSIS = YES;
				CLANG_WARN_STRICT_PROTOTYPES = YES;
				CLANG_WARN_SUSPICIOUS_MOVE = YES;
				CLANG_WARN_UNGUARDED_AVAILABILITY = YES_AGGRESSIVE;
				CLANG_WARN_UNREACHABLE_CODE = YES;
				CLANG_WARN__DUPLICATE_METHOD_MATCH = YES;
				COPY_PHASE_STRIP = NO;
				DEBUG_INFORMATION_FORMAT = dwarf;
				ENABLE_STRICT_OBJC_MSGSEND = YES;
				ENABLE_TESTABILITY = YES;
				ENABLE_USER_SCRIPT_SANDBOXING = YES;
				GCC_C_LANGUAGE_STANDARD = gnu17;
				GCC_DYNAMIC_NO_PIC = NO;
				GCC_NO_COMMON_BLOCKS = YES;
				GCC_OPTIMIZATION_LEVEL = 0;
				GCC_PREPROCESSOR_DEFINITIONS = (
					"DEBUG=1",
					"$(inherited)",
				);
				GCC_WARN_64_TO_32_BIT_CONVERSION = YES;
				GCC_WARN_ABOUT_RETURN_TYPE = YES_ERROR;
				GCC_WARN_UNDECLARED_SELECTOR = YES;
				GCC_WARN_UNINITIALIZED_AUTOS = YES_AGGRESSIVE;
				GCC_WARN_UNUSED_FUNCTION = YES;
				GCC_WARN_UNUSED_VARIABLE = YES;
				IPHONEOS_DEPLOYMENT_TARGET = 17.0;
				LOCALIZATION_PREFERS_STRING_CATALOGS = YES;
				MTL_ENABLE_DEBUG_INFO = INCLUDE_SOURCE;
				MTL_FAST_MATH = YES;
				ONLY_ACTIVE_ARCH = YES;
				SDKROOT = iphoneos;
				SWIFT_ACTIVE_COMPILATION_CONDITIONS = "DEBUG $(inherited)";
				SWIFT_OPTIMIZATION_LEVEL = "-Onone";
			};
			name = Debug;
		};
		2EBAB02C2BEA9DA800F2CFD8 /* Release */ = {
			isa = XCBuildConfiguration;
			buildSettings = {
				ALWAYS_SEARCH_USER_PATHS = NO;
				ASSETCATALOG_COMPILER_GENERATE_SWIFT_ASSET_SYMBOL_EXTENSIONS = YES;
				CLANG_ANALYZER_NONNULL = YES;
				CLANG_ANALYZER_NUMBER_OBJECT_CONVERSION = YES_AGGRESSIVE;
				CLANG_CXX_LANGUAGE_STANDARD = "gnu++20";
				CLANG_ENABLE_MODULES = YES;
				CLANG_ENABLE_OBJC_ARC = YES;
				CLANG_ENABLE_OBJC_WEAK = YES;
				CLANG_WARN_BLOCK_CAPTURE_AUTORELEASING = YES;
				CLANG_WARN_BOOL_CONVERSION = YES;
				CLANG_WARN_COMMA = YES;
				CLANG_WARN_CONSTANT_CONVERSION = YES;
				CLANG_WARN_DEPRECATED_OBJC_IMPLEMENTATIONS = YES;
				CLANG_WARN_DIRECT_OBJC_ISA_USAGE = YES_ERROR;
				CLANG_WARN_DOCUMENTATION_COMMENTS = YES;
				CLANG_WARN_EMPTY_BODY = YES;
				CLANG_WARN_ENUM_CONVERSION = YES;
				CLANG_WARN_INFINITE_RECURSION = YES;
				CLANG_WARN_INT_CONVERSION = YES;
				CLANG_WARN_NON_LITERAL_NULL_CONVERSION = YES;
				CLANG_WARN_OBJC_IMPLICIT_RETAIN_SELF = YES;
				CLANG_WARN_OBJC_LITERAL_CONVERSION = YES;
				CLANG_WARN_OBJC_ROOT_CLASS = YES_ERROR;
				CLANG_WARN_QUOTED_INCLUDE_IN_FRAMEWORK_HEADER = YES;
				CLANG_WARN_RANGE_LOOP_ANALYSIS = YES;
				CLANG_WARN_STRICT_PROTOTYPES = YES;
				CLANG_WARN_SUSPICIOUS_MOVE = YES;
				CLANG_WARN_UNGUARDED_AVAILABILITY = YES_AGGRESSIVE;
				CLANG_WARN_UNREACHABLE_CODE = YES;
				CLANG_WARN__DUPLICATE_METHOD_MATCH = YES;
				COPY_PHASE_STRIP = NO;
				DEBUG_INFORMATION_FORMAT = "dwarf-with-dsym";
				ENABLE_NS_ASSERTIONS = NO;
				ENABLE_STRICT_OBJC_MSGSEND = YES;
				ENABLE_USER_SCRIPT_SANDBOXING = YES;
				GCC_C_LANGUAGE_STANDARD = gnu17;
				GCC_NO_COMMON_BLOCKS = YES;
				GCC_WARN_64_TO_32_BIT_CONVERSION = YES;
				GCC_WARN_ABOUT_RETURN_TYPE = YES_ERROR;
				GCC_WARN_UNDECLARED_SELECTOR = YES;
				GCC_WARN_UNINITIALIZED_AUTOS = YES_AGGRESSIVE;
				GCC_WARN_UNUSED_FUNCTION = YES;
				GCC_WARN_UNUSED_VARIABLE = YES;
				IPHONEOS_DEPLOYMENT_TARGET = 17.0;
				LOCALIZATION_PREFERS_STRING_CATALOGS = YES;
				MTL_ENABLE_DEBUG_INFO = NO;
				MTL_FAST_MATH = YES;
				SDKROOT = iphoneos;
				SWIFT_COMPILATION_MODE = wholemodule;
				VALIDATE_PRODUCT = YES;
			};
			name = Release;
		};
		2EBAB02E2BEA9DA800F2CFD8 /* Debug */ = {
			isa = XCBuildConfiguration;
			buildSettings = {
				ASSETCATALOG_COMPILER_APPICON_NAME = AppIcon;
				ASSETCATALOG_COMPILER_GLOBAL_ACCENT_COLOR_NAME = AccentColor;
				CODE_SIGN_STYLE = Automatic;
				CURRENT_PROJECT_VERSION = 1;
				DEVELOPMENT_ASSET_PATHS = "\"TestActors/Preview Content\"";
				DEVELOPMENT_TEAM = G7B56H4AWG;
				ENABLE_PREVIEWS = YES;
				GENERATE_INFOPLIST_FILE = YES;
				INFOPLIST_KEY_UIApplicationSceneManifest_Generation = YES;
				INFOPLIST_KEY_UIApplicationSupportsIndirectInputEvents = YES;
				INFOPLIST_KEY_UILaunchScreen_Generation = YES;
				INFOPLIST_KEY_UISupportedInterfaceOrientations_iPad = "UIInterfaceOrientationPortrait UIInterfaceOrientationPortraitUpsideDown UIInterfaceOrientationLandscapeLeft UIInterfaceOrientationLandscapeRight";
				INFOPLIST_KEY_UISupportedInterfaceOrientations_iPhone = "UIInterfaceOrientationPortrait UIInterfaceOrientationLandscapeLeft UIInterfaceOrientationLandscapeRight";
				LD_RUNPATH_SEARCH_PATHS = (
					"$(inherited)",
					"@executable_path/Frameworks",
				);
				MARKETING_VERSION = 1.0;
				PRODUCT_BUNDLE_IDENTIFIER = com.test.TestActors;
				PRODUCT_NAME = "$(TARGET_NAME)";
				SWIFT_EMIT_LOC_STRINGS = YES;
				SWIFT_STRICT_CONCURRENCY = complete;
				SWIFT_VERSION = 5.0;
				TARGETED_DEVICE_FAMILY = "1,2";
			};
			name = Debug;
		};
		2EBAB02F2BEA9DA800F2CFD8 /* Release */ = {
			isa = XCBuildConfiguration;
			buildSettings = {
				ASSETCATALOG_COMPILER_APPICON_NAME = AppIcon;
				ASSETCATALOG_COMPILER_GLOBAL_ACCENT_COLOR_NAME = AccentColor;
				CODE_SIGN_STYLE = Automatic;
				CURRENT_PROJECT_VERSION = 1;
				DEVELOPMENT_ASSET_PATHS = "\"TestActors/Preview Content\"";
				DEVELOPMENT_TEAM = G7B56H4AWG;
				ENABLE_PREVIEWS = YES;
				GENERATE_INFOPLIST_FILE = YES;
				INFOPLIST_KEY_UIApplicationSceneManifest_Generation = YES;
				INFOPLIST_KEY_UIApplicationSupportsIndirectInputEvents = YES;
				INFOPLIST_KEY_UILaunchScreen_Generation = YES;
				INFOPLIST_KEY_UISupportedInterfaceOrientations_iPad = "UIInterfaceOrientationPortrait UIInterfaceOrientationPortraitUpsideDown UIInterfaceOrientationLandscapeLeft UIInterfaceOrientationLandscapeRight";
				INFOPLIST_KEY_UISupportedInterfaceOrientations_iPhone = "UIInterfaceOrientationPortrait UIInterfaceOrientationLandscapeLeft UIInterfaceOrientationLandscapeRight";
				LD_RUNPATH_SEARCH_PATHS = (
					"$(inherited)",
					"@executable_path/Frameworks",
				);
				MARKETING_VERSION = 1.0;
				PRODUCT_BUNDLE_IDENTIFIER = com.test.TestActors;
				PRODUCT_NAME = "$(TARGET_NAME)";
				SWIFT_EMIT_LOC_STRINGS = YES;
				SWIFT_STRICT_CONCURRENCY = complete;
				SWIFT_VERSION = 5.0;
				TARGETED_DEVICE_FAMILY = "1,2";
			};
			name = Release;
		};
/* End XCBuildConfiguration section */

/* Begin XCConfigurationList section */
		2EBAB01A2BEA9DA700F2CFD8 /* Build configuration list for PBXProject "TestActors" */ = {
			isa = XCConfigurationList;
			buildConfigurations = (
				2EBAB02B2BEA9DA800F2CFD8 /* Debug */,
				2EBAB02C2BEA9DA800F2CFD8 /* Release */,
			);
			defaultConfigurationIsVisible = 0;
			defaultConfigurationName = Release;
		};
		2EBAB02D2BEA9DA800F2CFD8 /* Build configuration list for PBXNativeTarget "TestActors" */ = {
			isa = XCConfigurationList;
			buildConfigurations = (
				2EBAB02E2BEA9DA800F2CFD8 /* Debug */,
				2EBAB02F2BEA9DA800F2CFD8 /* Release */,
			);
			defaultConfigurationIsVisible = 0;
			defaultConfigurationName = Release;
		};
/* End XCConfigurationList section */
	};
	rootObject = 2EBAB0172BEA9DA700F2CFD8 /* Project object */;
}
